# This file is generated by running "yarn install" inside your project.
# Manual changes might be lost - proceed with caution!

__metadata:
  version: 5
  cacheKey: 8

"@rescript/react@npm:^0.10.3":
  version: 0.10.3
  resolution: "@rescript/react@npm:0.10.3"
  peerDependencies:
    react: ">=16.8.1"
    react-dom: ">=16.8.1"
  checksum: 8561282f78b87c73c864b21d7f94f23545b6e7488167370aab2effa9268bab14f78b948dd0de4b84580467eff7c55c7dd1d080726ec63cb5b2dde030d37a1fbf
  languageName: node
  linkType: hard

"bs-platform@npm:^9.0.2":
  version: 9.0.2
  resolution: "bs-platform@npm:9.0.2"
  bin:
    bsb: bsb
    bsc: bsc
    bsrefmt: bsrefmt
    bstracing: lib/bstracing
  checksum: 3aaba5e77cfff32474eabb6f06ce08835db61fb92925f05a5c1945fa8cd0e87eba96e2d287e9d47188d702a0ff32a387e574e9a4046e69357419c081924f610a
  languageName: node
  linkType: hard

"rescript-project-template@workspace:.":
  version: 0.0.0-use.local
  resolution: "rescript-project-template@workspace:."
  dependencies:
    "@rescript/react": ^0.10.3
    bs-platform: ^9.0.2
    rescript: "*"
  languageName: unknown
  linkType: soft

"rescript@npm:*":
  version: 9.1.4
  resolution: "rescript@npm:9.1.4"
  bin:
    bsc: bsc
    bsrefmt: bsrefmt
    bstracing: lib/bstracing
    rescript: rescript
  checksum: 3c503580f968b4d4409830093c57f85b5590f7372250345427b3a7c1f5ccb08009e1edd89b4a3dcbb3ee95ee4dcad9c337ece4d1f8fdaa10e22ed04b8a7495c0
  languageName: node
  linkType: hard
